
Microsoft Visual Studio Solution File, Format Version 12.00
# Visual Studio Version 17
VisualStudioVersion = 17.12.35527.113 d17.12
MinimumVisualStudioVersion = 10.0.40219.1
Project("{FAE04EC0-301F-11D3-BF4B-00C04F79EFBC}") = "Demo", "Demo\Demo.csproj", "{CFBB6922-61CD-4E95-A453-90280321212D}"
EndProject
Project("{FAE04EC0-301F-11D3-BF4B-00C04F79EFBC}") = "Demo.Tests", "Demo.Tests\Demo.Tests.csproj", "{0D0D7B5B-EC34-45AC-8928-C6BBB24ACDCB}"
EndProject
Project("{2150E333-8FDC-42A3-9474-1A3956D46DE8}") = ".github", ".github", "{2B801477-67F5-42B6-9A15-0AA450AA2455}"
EndProject
Project("{2150E333-8FDC-42A3-9474-1A3956D46DE8}") = "workflows", "workflows", "{F3A1A913-4A37-4C89-9682-D3C498A91681}"
	ProjectSection(SolutionItems) = preProject
		demo.yml = demo.yml
	EndProjectSection
EndProject
Global
	GlobalSection(SolutionConfigurationPlatforms) = preSolution
		Debug|Any CPU = Debug|Any CPU
		Release|Any CPU = Release|Any CPU
	EndGlobalSection
	GlobalSection(ProjectConfigurationPlatforms) = postSolution
		{CFBB6922-61CD-4E95-A453-90280321212D}.Debug|Any CPU.ActiveCfg = Debug|Any CPU
		{CFBB6922-61CD-4E95-A453-90280321212D}.Debug|Any CPU.Build.0 = Debug|Any CPU
		{CFBB6922-61CD-4E95-A453-90280321212D}.Release|Any CPU.ActiveCfg = Release|Any CPU
		{CFBB6922-61CD-4E95-A453-90280321212D}.Release|Any CPU.Build.0 = Release|Any CPU
		{0D0D7B5B-EC34-45AC-8928-C6BBB24ACDCB}.Debug|Any CPU.ActiveCfg = Debug|Any CPU
		{0D0D7B5B-EC34-45AC-8928-C6BBB24ACDCB}.Debug|Any CPU.Build.0 = Debug|Any CPU
		{0D0D7B5B-EC34-45AC-8928-C6BBB24ACDCB}.Release|Any CPU.ActiveCfg = Release|Any CPU
		{0D0D7B5B-EC34-45AC-8928-C6BBB24ACDCB}.Release|Any CPU.Build.0 = Release|Any CPU
	EndGlobalSection
	GlobalSection(SolutionProperties) = preSolution
		HideSolutionNode = FALSE
	EndGlobalSection
	GlobalSection(NestedProjects) = preSolution
		{F3A1A913-4A37-4C89-9682-D3C498A91681} = {2B801477-67F5-42B6-9A15-0AA450AA2455}
	EndGlobalSection
EndGlobal
